
Microsoft Visual Studio Solution File, Format Version 12.00
# Visual Studio Version 17
VisualStudioVersion = 17.1.32414.318
MinimumVisualStudioVersion = 10.0.40219.1
Project("{FAE04EC0-301F-11D3-BF4B-00C04F79EFBC}") = "Mongo", "Mongo\Mongo.csproj", "{86F4E5D0-90D6-4CB7-AD1E-F4307696AB9C}"
EndProject
Global
	GlobalSection(SolutionConfigurationPlatforms) = preSolution
		Debug|Any CPU = Debug|Any CPU
		Release|Any CPU = Release|Any CPU
	EndGlobalSection
	GlobalSection(ProjectConfigurationPlatforms) = postSolution
		{86F4E5D0-90D6-4CB7-AD1E-F4307696AB9C}.Debug|Any CPU.ActiveCfg = Debug|Any CPU
		{86F4E5D0-90D6-4CB7-AD1E-F4307696AB9C}.Debug|Any CPU.Build.0 = Debug|Any CPU
		{86F4E5D0-90D6-4CB7-AD1E-F4307696AB9C}.Release|Any CPU.ActiveCfg = Release|Any CPU
		{86F4E5D0-90D6-4CB7-AD1E-F4307696AB9C}.Release|Any CPU.Build.0 = Release|Any CPU
	EndGlobalSection
	GlobalSection(SolutionProperties) = preSolution
		HideSolutionNode = FALSE
	EndGlobalSection
	GlobalSection(ExtensibilityGlobals) = postSolution
		SolutionGuid = {77EB4F18-EC45-40C5-85D0-02C6CF25A75D}
	EndGlobalSection
EndGlobal
