
Microsoft Visual Studio Solution File, Format Version 12.00
# Visual Studio Version 17
VisualStudioVersion = 17.0.32002.185
MinimumVisualStudioVersion = 10.0.40219.1
Project("{FAE04EC0-301F-11D3-BF4B-00C04F79EFBC}") = "AspNetCoreGrpcClient", "AspNetCoreGrpcClient\AspNetCoreGrpcClient.csproj", "{F3DD81B9-7BD9-48C9-84F6-A6B8905528E5}"
EndProject
Project("{FAE04EC0-301F-11D3-BF4B-00C04F79EFBC}") = "AspNetCoreGrpcServer", "AspNetCoreGrpcServer\AspNetCoreGrpcServer.csproj", "{7FDEDC32-1894-4A59-89CF-8F248F1902AD}"
EndProject
Global
	GlobalSection(SolutionConfigurationPlatforms) = preSolution
		Debug|Any CPU = Debug|Any CPU
		Release|Any CPU = Release|Any CPU
	EndGlobalSection
	GlobalSection(ProjectConfigurationPlatforms) = postSolution
		{F3DD81B9-7BD9-48C9-84F6-A6B8905528E5}.Debug|Any CPU.ActiveCfg = Debug|Any CPU
		{F3DD81B9-7BD9-48C9-84F6-A6B8905528E5}.Debug|Any CPU.Build.0 = Debug|Any CPU
		{F3DD81B9-7BD9-48C9-84F6-A6B8905528E5}.Release|Any CPU.ActiveCfg = Release|Any CPU
		{F3DD81B9-7BD9-48C9-84F6-A6B8905528E5}.Release|Any CPU.Build.0 = Release|Any CPU
		{7FDEDC32-1894-4A59-89CF-8F248F1902AD}.Debug|Any CPU.ActiveCfg = Debug|Any CPU
		{7FDEDC32-1894-4A59-89CF-8F248F1902AD}.Debug|Any CPU.Build.0 = Debug|Any CPU
		{7FDEDC32-1894-4A59-89CF-8F248F1902AD}.Release|Any CPU.ActiveCfg = Release|Any CPU
		{7FDEDC32-1894-4A59-89CF-8F248F1902AD}.Release|Any CPU.Build.0 = Release|Any CPU
	EndGlobalSection
	GlobalSection(SolutionProperties) = preSolution
		HideSolutionNode = FALSE
	EndGlobalSection
	GlobalSection(ExtensibilityGlobals) = postSolution
		SolutionGuid = {A3BAB1BC-9D55-4565-A3D4-E4BB44CB7C99}
	EndGlobalSection
EndGlobal
