
Microsoft Visual Studio Solution File, Format Version 12.00
# Visual Studio Version 17
VisualStudioVersion = 17.0.32002.185
MinimumVisualStudioVersion = 10.0.40219.1
Project("{FAE04EC0-301F-11D3-BF4B-00C04F79EFBC}") = "AspNetCoreGrpc", "AspNetCoreGrpc\AspNetCoreGrpc.csproj", "{D1D0B869-F6FA-407D-8F56-1E50A916D364}"
EndProject
Global
	GlobalSection(SolutionConfigurationPlatforms) = preSolution
		Debug|Any CPU = Debug|Any CPU
		Release|Any CPU = Release|Any CPU
	EndGlobalSection
	GlobalSection(ProjectConfigurationPlatforms) = postSolution
		{D1D0B869-F6FA-407D-8F56-1E50A916D364}.Debug|Any CPU.ActiveCfg = Debug|Any CPU
		{D1D0B869-F6FA-407D-8F56-1E50A916D364}.Debug|Any CPU.Build.0 = Debug|Any CPU
		{D1D0B869-F6FA-407D-8F56-1E50A916D364}.Release|Any CPU.ActiveCfg = Release|Any CPU
		{D1D0B869-F6FA-407D-8F56-1E50A916D364}.Release|Any CPU.Build.0 = Release|Any CPU
	EndGlobalSection
	GlobalSection(SolutionProperties) = preSolution
		HideSolutionNode = FALSE
	EndGlobalSection
	GlobalSection(ExtensibilityGlobals) = postSolution
		SolutionGuid = {A3BAB1BC-9D55-4565-A3D4-E4BB44CB7C99}
	EndGlobalSection
EndGlobal
