
Microsoft Visual Studio Solution File, Format Version 12.00
# Visual Studio Version 17
VisualStudioVersion = 17.0.32002.185
MinimumVisualStudioVersion = 10.0.40219.1
Project("{FAE04EC0-301F-11D3-BF4B-00C04F79EFBC}") = "AspNetCoreMVC", "AspNetCoreMVC\AspNetCoreMVC.csproj", "{20D5EDBE-90F3-481C-9507-BE735C76DCFE}"
EndProject
Global
	GlobalSection(SolutionConfigurationPlatforms) = preSolution
		Debug|Any CPU = Debug|Any CPU
		Release|Any CPU = Release|Any CPU
	EndGlobalSection
	GlobalSection(ProjectConfigurationPlatforms) = postSolution
		{20D5EDBE-90F3-481C-9507-BE735C76DCFE}.Debug|Any CPU.ActiveCfg = Debug|Any CPU
		{20D5EDBE-90F3-481C-9507-BE735C76DCFE}.Debug|Any CPU.Build.0 = Debug|Any CPU
		{20D5EDBE-90F3-481C-9507-BE735C76DCFE}.Release|Any CPU.ActiveCfg = Release|Any CPU
		{20D5EDBE-90F3-481C-9507-BE735C76DCFE}.Release|Any CPU.Build.0 = Release|Any CPU
	EndGlobalSection
	GlobalSection(SolutionProperties) = preSolution
		HideSolutionNode = FALSE
	EndGlobalSection
	GlobalSection(ExtensibilityGlobals) = postSolution
		SolutionGuid = {6EAF71E1-A73A-4C11-9BE8-84E74AA4D234}
	EndGlobalSection
EndGlobal
