
Microsoft Visual Studio Solution File, Format Version 12.00
# Visual Studio Version 17
VisualStudioVersion = 17.0.32002.185
MinimumVisualStudioVersion = 10.0.40219.1
Project("{9A19103F-16F7-4668-BE54-9A1E7A4F7556}") = "AspNetCoreWebAppOAuth", "AspNetCoreWebAppOAuth\AspNetCoreWebAppOAuth.csproj", "{FDC15EA0-C965-4C4C-803C-416E2328EBE1}"
EndProject
Project("{2150E333-8FDC-42A3-9474-1A3956D46DE8}") = "Solution Items", "Solution Items", "{0353B6D4-716C-40CB-A1D8-DA5087B50B06}"
	ProjectSection(SolutionItems) = preProject
		command_line.txt = command_line.txt
	EndProjectSection
EndProject
Project("{9A19103F-16F7-4668-BE54-9A1E7A4F7556}") = "WinFormsAppOAuth", "WinFormsAppOAuth\WinFormsAppOAuth.csproj", "{6152660A-1B21-4697-9C27-7F086D5274C4}"
EndProject
Global
	GlobalSection(SolutionConfigurationPlatforms) = preSolution
		Debug|Any CPU = Debug|Any CPU
		Release|Any CPU = Release|Any CPU
	EndGlobalSection
	GlobalSection(ProjectConfigurationPlatforms) = postSolution
		{FDC15EA0-C965-4C4C-803C-416E2328EBE1}.Debug|Any CPU.ActiveCfg = Debug|Any CPU
		{FDC15EA0-C965-4C4C-803C-416E2328EBE1}.Debug|Any CPU.Build.0 = Debug|Any CPU
		{FDC15EA0-C965-4C4C-803C-416E2328EBE1}.Release|Any CPU.ActiveCfg = Release|Any CPU
		{FDC15EA0-C965-4C4C-803C-416E2328EBE1}.Release|Any CPU.Build.0 = Release|Any CPU
		{6152660A-1B21-4697-9C27-7F086D5274C4}.Debug|Any CPU.ActiveCfg = Debug|Any CPU
		{6152660A-1B21-4697-9C27-7F086D5274C4}.Debug|Any CPU.Build.0 = Debug|Any CPU
		{6152660A-1B21-4697-9C27-7F086D5274C4}.Release|Any CPU.ActiveCfg = Release|Any CPU
		{6152660A-1B21-4697-9C27-7F086D5274C4}.Release|Any CPU.Build.0 = Release|Any CPU
	EndGlobalSection
	GlobalSection(SolutionProperties) = preSolution
		HideSolutionNode = FALSE
	EndGlobalSection
	GlobalSection(ExtensibilityGlobals) = postSolution
		SolutionGuid = {367EE76E-44E0-4AB5-A521-571DAAB2CCA5}
	EndGlobalSection
EndGlobal
